PODS:
  - EOCoreDebug (2.3.55)
  - Realm (10.7.6):
    - Realm/Headers (= 10.7.6)
  - Realm/Headers (10.7.6)
  - TealeafDebug (10.6.90):
    - TealeafDebug/Core (= 10.6.90)
  - TealeafDebug/Core (10.6.90):
    - EOCoreDebug

DEPENDENCIES:
  - Realm
  - TealeafDebug

SPEC REPOS:
  https://github.com/CocoaPods/Specs.git:
    - EOCoreDebug
    - Realm
    - TealeafDebug

SPEC CHECKSUMS:
  EOCoreDebug: 136aa0aef85a2d4e2792b0d6c8ff00677562dbd6
  Realm: ed860452717c8db8f4bf832b6807f7f2ce708839
  TealeafDebug: d6e6b3155f4e967d21320cd13c0139d2cbd81c27

PODFILE CHECKSUM: 6f3279db2f5787090924d5837d96f282a12942c9

COCOAPODS: 1.10.1
