PODS:
  - EOCoreDebug (2.3.52)
  - Realm (10.7.6):
    - Realm/Headers (= 10.7.6)
  - Realm/Headers (10.7.6)
  - TealeafDebug (10.6.88):
    - TealeafDebug/Core (= 10.6.88)
  - TealeafDebug/Core (10.6.88):
    - EOCoreDebug

DEPENDENCIES:
  - Realm
  - TealeafDebug

SPEC REPOS:
  https://github.com/CocoaPods/Specs.git:
    - EOCoreDebug
    - Realm
    - TealeafDebug

SPEC CHECKSUMS:
  EOCoreDebug: 4b000cb0ab34b4850906145dd3def0d688edcb4e
  Realm: ed860452717c8db8f4bf832b6807f7f2ce708839
  TealeafDebug: 14403a1838208eb26038b1156f6da8c2e366774b

PODFILE CHECKSUM: afc5f3de1ba64e4c3a600a8549d8e19c832558df

COCOAPODS: 1.10.1
