PODS:
  - EOCoreDebug (2.3.24)
  - IBMTealeafDebug (10.6.35):
    - IBMTealeafDebug/Core (= 10.6.35)
  - IBMTealeafDebug/Core (10.6.35):
    - EOCoreDebug
  - Realm (5.4.8):
    - Realm/Headers (= 5.4.8)
  - Realm/Headers (5.4.8)

DEPENDENCIES:
  - IBMTealeafDebug
  - Realm

SPEC REPOS:
  https://github.com/CocoaPods/Specs.git:
    - EOCoreDebug
    - IBMTealeafDebug
    - Realm

SPEC CHECKSUMS:
  EOCoreDebug: 30d67874f009df3ce86ac1055ffe2b31f9db0eec
  IBMTealeafDebug: ac35a982a18afa2a208ed0c89fae49be6f350986
  Realm: 042bbb59227a0159eda397b8a5a49fbd67495ce7

PODFILE CHECKSUM: 85e439695a5e7ea3b14159adb004ef92d86d7e04

COCOAPODS: 1.10.1
