{
  "object": {
    "pins": [
      {
        "package": "Realm",
        "repositoryURL": "https://github.com/realm/realm-cocoa",
        "state": {
          "branch": null,
          "revision": "7e5c77fd7fbb30259e8e6e6a41f32289f72e0812",
          "version": "10.7.6"
        }
      },
      {
        "package": "RealmDatabase",
        "repositoryURL": "https://github.com/realm/realm-core",
        "state": {
          "branch": null,
          "revision": "018adb3469c2882904febca251778129ef4a9b70",
          "version": "10.7.2"
        }
      },
      {
        "package": "Tealeaf",
        "repositoryURL": "https://github.com/acoustic-analytics/TealeafDebug-SP",
        "state": {
          "branch": "master",
          "revision": "81ea21a99e617fd65a170c0914c7b39ad852b878",
          "version": null
        }
      }
    ]
  },
  "version": 1
}
